
Microsoft Visual Studio Solution File, Format Version 12.00
# Visual Studio Version 17
VisualStudioVersion = 17.9.34616.47
MinimumVisualStudioVersion = 10.0.40219.1
Project("{FAE04EC0-301F-11D3-BF4B-00C04F79EFBC}") = "MyStore", "MyStore\MyStore.csproj", "{92E12A81-9446-4251-8B05-68189507FE60}"
EndProject
Project("{FAE04EC0-301F-11D3-BF4B-00C04F79EFBC}") = "Core", "Core\Core.csproj", "{1D0916C5-02F0-472C-96CC-A643F9D5B000}"
EndProject
Project("{FAE04EC0-301F-11D3-BF4B-00C04F79EFBC}") = "Data", "Data\Data.csproj", "{7F6DEAA3-B508-4186-BF80-9F672AB383A3}"
EndProject
Global
	GlobalSection(SolutionConfigurationPlatforms) = preSolution
		Debug|Any CPU = Debug|Any CPU
		Release|Any CPU = Release|Any CPU
	EndGlobalSection
	GlobalSection(ProjectConfigurationPlatforms) = postSolution
		{92E12A81-9446-4251-8B05-68189507FE60}.Debug|Any CPU.ActiveCfg = Debug|Any CPU
		{92E12A81-9446-4251-8B05-68189507FE60}.Debug|Any CPU.Build.0 = Debug|Any CPU
		{92E12A81-9446-4251-8B05-68189507FE60}.Release|Any CPU.ActiveCfg = Release|Any CPU
		{92E12A81-9446-4251-8B05-68189507FE60}.Release|Any CPU.Build.0 = Release|Any CPU
		{1D0916C5-02F0-472C-96CC-A643F9D5B000}.Debug|Any CPU.ActiveCfg = Debug|Any CPU
		{1D0916C5-02F0-472C-96CC-A643F9D5B000}.Debug|Any CPU.Build.0 = Debug|Any CPU
		{1D0916C5-02F0-472C-96CC-A643F9D5B000}.Release|Any CPU.ActiveCfg = Release|Any CPU
		{1D0916C5-02F0-472C-96CC-A643F9D5B000}.Release|Any CPU.Build.0 = Release|Any CPU
		{7F6DEAA3-B508-4186-BF80-9F672AB383A3}.Debug|Any CPU.ActiveCfg = Debug|Any CPU
		{7F6DEAA3-B508-4186-BF80-9F672AB383A3}.Debug|Any CPU.Build.0 = Debug|Any CPU
		{7F6DEAA3-B508-4186-BF80-9F672AB383A3}.Release|Any CPU.ActiveCfg = Release|Any CPU
		{7F6DEAA3-B508-4186-BF80-9F672AB383A3}.Release|Any CPU.Build.0 = Release|Any CPU
	EndGlobalSection
	GlobalSection(SolutionProperties) = preSolution
		HideSolutionNode = FALSE
	EndGlobalSection
	GlobalSection(ExtensibilityGlobals) = postSolution
		SolutionGuid = {AC100657-92A8-4C45-BAFB-013B90DE97A5}
	EndGlobalSection
EndGlobal
